lockfileVersion: 5.4

importers:

  .:
    specifiers:
      '@tsconfig/strictest': ^1.0.2
    devDependencies:
      '@tsconfig/strictest': 1.0.2

  packages/mini-vdom:
    specifiers:
      typescript: ^4.8.4
    devDependencies:
      typescript: 4.8.4

packages:

  /@tsconfig/strictest/1.0.2:
    resolution: {integrity: sha512-IRKlC8cnP7zMz1SDBjyIVyPapkEGWLZ6wkF6Z8T+xU80P9sO5uGXlIUvtzjx+7ehPJRWxkB6CeIDwUfyqNtYkQ==}
    dev: true

  /typescript/4.8.4:
    resolution: {integrity: sha512-QCh+85mCy+h0IGff8r5XWzOVSbBO+KfeYrMQh7NJ58QujwcE22u+NUSmUxqF+un70P9GXKxa2HCNiTTMJknyjQ==}
    engines: {node: '>=4.2.0'}
    hasBin: true
    dev: true
